
Microsoft Visual Studio Solution File, Format Version 12.00
# Visual Studio Version 17
VisualStudioVersion = 17.8.34511.84
MinimumVisualStudioVersion = 10.0.40219.1
Project("{FAE04EC0-301F-11D3-BF4B-00C04F79EFBC}") = "SP2024-Assignment1-hrenninger", "SP2024-Assignment1-hrenninger\SP2024-Assignment1-hrenninger.csproj", "{BBA68A14-3F1D-40AF-A848-346460A7813C}"
EndProject
Global
	GlobalSection(SolutionConfigurationPlatforms) = preSolution
		Debug|Any CPU = Debug|Any CPU
		Release|Any CPU = Release|Any CPU
	EndGlobalSection
	GlobalSection(ProjectConfigurationPlatforms) = postSolution
		{BBA68A14-3F1D-40AF-A848-346460A7813C}.Debug|Any CPU.ActiveCfg = Debug|Any CPU
		{BBA68A14-3F1D-40AF-A848-346460A7813C}.Debug|Any CPU.Build.0 = Debug|Any CPU
		{BBA68A14-3F1D-40AF-A848-346460A7813C}.Release|Any CPU.ActiveCfg = Release|Any CPU
		{BBA68A14-3F1D-40AF-A848-346460A7813C}.Release|Any CPU.Build.0 = Release|Any CPU
	EndGlobalSection
	GlobalSection(SolutionProperties) = preSolution
		HideSolutionNode = FALSE
	EndGlobalSection
	GlobalSection(ExtensibilityGlobals) = postSolution
		SolutionGuid = {E0BC77D9-5716-449E-BB2D-339EECF375BF}
	EndGlobalSection
EndGlobal
